
Microsoft Visual Studio Solution File, Format Version 12.00
# Visual Studio Version 17
VisualStudioVersion = 17.8.34511.84
MinimumVisualStudioVersion = 10.0.40219.1
Project("{FAE04EC0-301F-11D3-BF4B-00C04F79EFBC}") = "ManagerWebApp", "ManagerWebApp.csproj", "{19DE094B-4003-4FA7-A2AA-E4C8D3E19B68}"
EndProject
Global
	GlobalSection(SolutionConfigurationPlatforms) = preSolution
		Debug|Any CPU = Debug|Any CPU
		Release|Any CPU = Release|Any CPU
	EndGlobalSection
	GlobalSection(ProjectConfigurationPlatforms) = postSolution
		{19DE094B-4003-4FA7-A2AA-E4C8D3E19B68}.Debug|Any CPU.ActiveCfg = Debug|Any CPU
		{19DE094B-4003-4FA7-A2AA-E4C8D3E19B68}.Debug|Any CPU.Build.0 = Debug|Any CPU
		{19DE094B-4003-4FA7-A2AA-E4C8D3E19B68}.Release|Any CPU.ActiveCfg = Release|Any CPU
		{19DE094B-4003-4FA7-A2AA-E4C8D3E19B68}.Release|Any CPU.Build.0 = Release|Any CPU
	EndGlobalSection
	GlobalSection(SolutionProperties) = preSolution
		HideSolutionNode = FALSE
	EndGlobalSection
	GlobalSection(ExtensibilityGlobals) = postSolution
		SolutionGuid = {82E7E109-B75B-44CC-909D-A0DDE98C25B9}
	EndGlobalSection
EndGlobal
